PODS:
  - Alamofire (4.8.2)
  - CLToast (1.0.3)
  - CocoaChainKit (0.6.3)
  - Differentiator (3.1.0)
  - EmptyDataSet-Swift (4.2.0)
  - HandyJSON (5.0.0)
  - IQKeyboardManagerSwift (6.4.1)
  - Kingfisher (4.10.1)
  - MJRefresh (3.2.0)
  - Moya/Core (13.0.1):
    - Alamofire (~> 4.1)
    - Result (~> 4.1)
  - Moya/RxSwift (13.0.1):
    - Moya/Core
    - RxSwift (~> 4.0)
  - "NSObject+Rx (4.4.1)":
    - RxSwift (~> 4.3)
  - Result (4.1.0)
  - RxCocoa (4.5.0):
    - RxSwift (>= 4.4.2, ~> 4.4)
  - RxDataSources (3.1.0):
    - Differentiator (~> 3.0)
    - RxCocoa (~> 4.0)
    - RxSwift (~> 4.0)
  - RxGesture (2.2.0):
    - RxCocoa (~> 4.5)
    - RxSwift (~> 4.5)
  - RxSwift (4.5.0)
  - RxSwiftExt (3.4.0):
    - RxSwiftExt/Core (= 3.4.0)
    - RxSwiftExt/RxCocoa (= 3.4.0)
  - RxSwiftExt/Core (3.4.0):
    - RxSwift (~> 4.0)
  - RxSwiftExt/RxCocoa (3.4.0):
    - RxCocoa (~> 4.0)
    - RxSwiftExt/Core
  - SnapKit (4.2.0)
  - SwiftyJSON (5.0.0)
  - UMCCommon (2.1.1)
  - UMCCommonLog (1.0.0)
  - UMCSecurityPlugins (1.0.6)
  - UMCShare/Core (6.9.6):
    - UMCCommon
  - UMCShare/Social/QQ (6.9.6):
    - UMCCommon
    - UMCShare/Core
    - UMCShare/Social/ReducedQQ
  - UMCShare/Social/ReducedQQ (6.9.6):
    - UMCCommon
    - UMCShare/Core
  - UMCShare/Social/ReducedWeChat (6.9.6):
    - UMCCommon
    - UMCShare/Core
  - UMCShare/Social/WeChat (6.9.6):
    - UMCCommon
    - UMCShare/Core
    - UMCShare/Social/ReducedWeChat
  - UMCShare/UI (6.9.6):
    - UMCCommon
    - UMCShare/Core
  - WCDBOptimizedSQLCipher (1.2.1)

DEPENDENCIES:
  - Alamofire (~> 4.8.1)
  - CLToast
  - CocoaChainKit
  - EmptyDataSet-Swift
  - HandyJSON
  - IQKeyboardManagerSwift (~> 6.4.1)
  - Kingfisher
  - MJRefresh
  - Moya/RxSwift
  - "NSObject+Rx"
  - RxCocoa
  - RxDataSources
  - RxGesture
  - RxSwiftExt
  - SnapKit
  - SwiftyJSON
  - UMCCommon
  - UMCCommonLog
  - UMCSecurityPlugins
  - UMCShare/Social/QQ
  - UMCShare/Social/WeChat
  - UMCShare/UI
  - WCDBOptimizedSQLCipher (~> 1.2.1)

SPEC REPOS:
  trunk:
    - Alamofire
    - CLToast
    - CocoaChainKit
    - Differentiator
    - EmptyDataSet-Swift
    - HandyJSON
    - IQKeyboardManagerSwift
    - Kingfisher
    - MJRefresh
    - Moya
    - "NSObject+Rx"
    - Result
    - RxCocoa
    - RxDataSources
    - RxGesture
    - RxSwift
    - RxSwiftExt
    - SnapKit
    - SwiftyJSON
    - UMCCommon
    - UMCCommonLog
    - UMCSecurityPlugins
    - UMCShare
    - WCDBOptimizedSQLCipher

SPEC CHECKSUMS:
  Alamofire: ae5c501addb7afdbb13687d7f2f722c78734c2d3
  CLToast: 2e88c737d01eb44316e21ccc9ac485df8f5b35bf
  CocoaChainKit: 3cf4974c1d0f5adee412fba8a6145ca2592b68b9
  Differentiator: be49ca3408f0ecfc761e4c7763d20c62be01b9ad
  EmptyDataSet-Swift: 1fa0b35f530a35f852ecb2b53564728b0c300aaf
  HandyJSON: 992f2d661716d6a91de82d0056927bc7813b5770
  IQKeyboardManagerSwift: d2df660d0b8d64a15cb2537c9ff303213fa515b2
  Kingfisher: c148cd7b47ebde9989f6bc7c27dcaa79d81279a0
  MJRefresh: ed450d6eb9d3346a2cb033ab7eb6de090aeef437
  Moya: f4a4b80ff2f8a4ffc208dfb31cd91636622fee6e
  "NSObject+Rx": 9884a92f19b610795c431e10b4e601913b59c9e9
  Result: bd966fac789cc6c1563440b348ab2598cc24d5c7
  RxCocoa: cbf70265dc65a981d4ac982e513c10cf23df24a0
  RxDataSources: a843bad90c29817f5923ec8163f4af2de084ceb3
  RxGesture: c1b7bf17166b0ef9d642a9510f8bac5785f18990
  RxSwift: f172070dfd1a93d70a9ab97a5a01166206e1c575
  RxSwiftExt: 01f8ecbeeb355698e9c75365ebe908b00dacf45d
  SnapKit: fe8a619752f3f27075cc9a90244d75c6c3f27e2a
  SwiftyJSON: 36413e04c44ee145039d332b4f4e2d3e8d6c4db7
  UMCCommon: 971f324a5a99c9d662ae040a815e7e3d7ef8b2a8
  UMCCommonLog: 05a2d5de21858e3d870551562cff405c1366d244
  UMCSecurityPlugins: 0831a08f3988f3cea9f1d3a7626cd9bee4fef150
  UMCShare: e0cef55c0fd6051254c8cda1d0630eb578b27bad
  WCDBOptimizedSQLCipher: baf44493b0c7a3d49e97bc5b64a3856f6428ddd1

PODFILE CHECKSUM: aafa0cd24b23538a1b0841c19c7590444769615c

COCOAPODS: 1.8.0.beta.1
